{
    "_readme": [
        "This file locks the dependencies of your project to a known state",
        "Read more about it at https://getcomposer.org/doc/01-basic-usage.md#composer-lock-the-lock-file",
        "This file is @generated automatically"
    ],
    "hash": "7ece1fe0cc8161627fa36e76e92a9240",
    "content-hash": "63e0be68be74f8931fed24c5eb0d9b90",
    "packages": [
        {
            "name": "SebastianKersten/Mimoto.Aimless",
            "version": "dev-master",
            "source": {
                "type": "git",
                "url": "git@github.com:SebastianKersten/Mimoto.Aimless.git",
                "reference": "origin/master"
            },
            "type": "library",
            "time": "2016-07-17 20:03:13"
        }
    ],
    "packages-dev": [],
    "aliases": [],
    "minimum-stability": "stable",
    "stability-flags": {
        "sebastiankersten/mimoto.aimless": 20
    },
    "prefer-stable": false,
    "prefer-lowest": false,
    "platform": [],
    "platform-dev": []
}
